
Microsoft Visual Studio Solution File, Format Version 12.00
# Visual Studio Version 17
VisualStudioVersion = 17.10.35122.118
MinimumVisualStudioVersion = 10.0.40219.1
Project("{FAE04EC0-301F-11D3-BF4B-00C04F79EFBC}") = "F01.GUI", "F01.GUI\F01.GUI.csproj", "{E77018BA-A891-4DF6-8B27-5AF2E7328D9A}"
EndProject
Project("{FAE04EC0-301F-11D3-BF4B-00C04F79EFBC}") = "F02.BUS", "F02.BUS\F02.BUS.csproj", "{0796C704-128F-411D-B308-274E25908118}"
EndProject
Project("{FAE04EC0-301F-11D3-BF4B-00C04F79EFBC}") = "F03.DAL", "F03.DAL\F03.DAL.csproj", "{B507F5BC-8774-42F2-9520-4A310BC90544}"
EndProject
Global
	GlobalSection(SolutionConfigurationPlatforms) = preSolution
		Debug|Any CPU = Debug|Any CPU
		Release|Any CPU = Release|Any CPU
	EndGlobalSection
	GlobalSection(ProjectConfigurationPlatforms) = postSolution
		{E77018BA-A891-4DF6-8B27-5AF2E7328D9A}.Debug|Any CPU.ActiveCfg = Debug|Any CPU
		{E77018BA-A891-4DF6-8B27-5AF2E7328D9A}.Debug|Any CPU.Build.0 = Debug|Any CPU
		{E77018BA-A891-4DF6-8B27-5AF2E7328D9A}.Release|Any CPU.ActiveCfg = Release|Any CPU
		{E77018BA-A891-4DF6-8B27-5AF2E7328D9A}.Release|Any CPU.Build.0 = Release|Any CPU
		{0796C704-128F-411D-B308-274E25908118}.Debug|Any CPU.ActiveCfg = Debug|Any CPU
		{0796C704-128F-411D-B308-274E25908118}.Debug|Any CPU.Build.0 = Debug|Any CPU
		{0796C704-128F-411D-B308-274E25908118}.Release|Any CPU.ActiveCfg = Release|Any CPU
		{0796C704-128F-411D-B308-274E25908118}.Release|Any CPU.Build.0 = Release|Any CPU
		{B507F5BC-8774-42F2-9520-4A310BC90544}.Debug|Any CPU.ActiveCfg = Debug|Any CPU
		{B507F5BC-8774-42F2-9520-4A310BC90544}.Debug|Any CPU.Build.0 = Debug|Any CPU
		{B507F5BC-8774-42F2-9520-4A310BC90544}.Release|Any CPU.ActiveCfg = Release|Any CPU
		{B507F5BC-8774-42F2-9520-4A310BC90544}.Release|Any CPU.Build.0 = Release|Any CPU
	EndGlobalSection
	GlobalSection(SolutionProperties) = preSolution
		HideSolutionNode = FALSE
	EndGlobalSection
	GlobalSection(ExtensibilityGlobals) = postSolution
		SolutionGuid = {98F24114-FA85-4F13-A1D5-DE1E58AF0097}
	EndGlobalSection
EndGlobal
